
Microsoft Visual Studio Solution File, Format Version 12.00
# Visual Studio Version 17
VisualStudioVersion = 17.5.33530.505
MinimumVisualStudioVersion = 10.0.40219.1
Project("{FAE04EC0-301F-11D3-BF4B-00C04F79EFBC}") = "patines", "patines\patines.csproj", "{63711255-5E82-40F4-9AD6-A903DB96F146}"
EndProject
Global
	GlobalSection(SolutionConfigurationPlatforms) = preSolution
		Debug|Any CPU = Debug|Any CPU
		Release|Any CPU = Release|Any CPU
	EndGlobalSection
	GlobalSection(ProjectConfigurationPlatforms) = postSolution
		{63711255-5E82-40F4-9AD6-A903DB96F146}.Debug|Any CPU.ActiveCfg = Debug|Any CPU
		{63711255-5E82-40F4-9AD6-A903DB96F146}.Debug|Any CPU.Build.0 = Debug|Any CPU
		{63711255-5E82-40F4-9AD6-A903DB96F146}.Release|Any CPU.ActiveCfg = Release|Any CPU
		{63711255-5E82-40F4-9AD6-A903DB96F146}.Release|Any CPU.Build.0 = Release|Any CPU
	EndGlobalSection
	GlobalSection(SolutionProperties) = preSolution
		HideSolutionNode = FALSE
	EndGlobalSection
	GlobalSection(ExtensibilityGlobals) = postSolution
		SolutionGuid = {1E1E8D87-075C-491D-ADA5-91B64D7661B5}
	EndGlobalSection
EndGlobal
